
Microsoft Visual Studio Solution File, Format Version 12.00
# Visual Studio Version 16
VisualStudioVersion = 16.0.31624.102
MinimumVisualStudioVersion = 10.0.40219.1
Project("{FAE04EC0-301F-11D3-BF4B-00C04F79EFBC}") = "FunctionsReturnAndArrayFromFile", "FunctionsReturnAndArrayFromFile\FunctionsReturnAndArrayFromFile.csproj", "{4683E2E5-C644-4317-92EA-270306B939BB}"
EndProject
Project("{FAE04EC0-301F-11D3-BF4B-00C04F79EFBC}") = "FridayNightRandom", "FridayNightRandom\FridayNightRandom.csproj", "{364C8876-5DAC-4E90-94E3-FA5B797C8901}"
EndProject
Project("{FAE04EC0-301F-11D3-BF4B-00C04F79EFBC}") = "FridayNightRandomReturn", "FridayNightRandomReturn\FridayNightRandomReturn.csproj", "{E8EA37DA-AA6F-4FBD-A5F1-18F127FFA861}"
EndProject
Project("{FAE04EC0-301F-11D3-BF4B-00C04F79EFBC}") = "PickFromFile", "PickFromFile\PickFromFile.csproj", "{428B7F44-8B59-405B-A6D6-0A59984AE148}"
EndProject
Project("{FAE04EC0-301F-11D3-BF4B-00C04F79EFBC}") = "ChuckNorris", "ChuckNorris\ChuckNorris.csproj", "{0FE48084-5535-449C-A210-0FB2C67BBE32}"
EndProject
Global
	GlobalSection(SolutionConfigurationPlatforms) = preSolution
		Debug|Any CPU = Debug|Any CPU
		Release|Any CPU = Release|Any CPU
	EndGlobalSection
	GlobalSection(ProjectConfigurationPlatforms) = postSolution
		{4683E2E5-C644-4317-92EA-270306B939BB}.Debug|Any CPU.ActiveCfg = Debug|Any CPU
		{4683E2E5-C644-4317-92EA-270306B939BB}.Debug|Any CPU.Build.0 = Debug|Any CPU
		{4683E2E5-C644-4317-92EA-270306B939BB}.Release|Any CPU.ActiveCfg = Release|Any CPU
		{4683E2E5-C644-4317-92EA-270306B939BB}.Release|Any CPU.Build.0 = Release|Any CPU
		{364C8876-5DAC-4E90-94E3-FA5B797C8901}.Debug|Any CPU.ActiveCfg = Debug|Any CPU
		{364C8876-5DAC-4E90-94E3-FA5B797C8901}.Debug|Any CPU.Build.0 = Debug|Any CPU
		{364C8876-5DAC-4E90-94E3-FA5B797C8901}.Release|Any CPU.ActiveCfg = Release|Any CPU
		{364C8876-5DAC-4E90-94E3-FA5B797C8901}.Release|Any CPU.Build.0 = Release|Any CPU
		{E8EA37DA-AA6F-4FBD-A5F1-18F127FFA861}.Debug|Any CPU.ActiveCfg = Debug|Any CPU
		{E8EA37DA-AA6F-4FBD-A5F1-18F127FFA861}.Debug|Any CPU.Build.0 = Debug|Any CPU
		{E8EA37DA-AA6F-4FBD-A5F1-18F127FFA861}.Release|Any CPU.ActiveCfg = Release|Any CPU
		{E8EA37DA-AA6F-4FBD-A5F1-18F127FFA861}.Release|Any CPU.Build.0 = Release|Any CPU
		{428B7F44-8B59-405B-A6D6-0A59984AE148}.Debug|Any CPU.ActiveCfg = Debug|Any CPU
		{428B7F44-8B59-405B-A6D6-0A59984AE148}.Debug|Any CPU.Build.0 = Debug|Any CPU
		{428B7F44-8B59-405B-A6D6-0A59984AE148}.Release|Any CPU.ActiveCfg = Release|Any CPU
		{428B7F44-8B59-405B-A6D6-0A59984AE148}.Release|Any CPU.Build.0 = Release|Any CPU
		{0FE48084-5535-449C-A210-0FB2C67BBE32}.Debug|Any CPU.ActiveCfg = Debug|Any CPU
		{0FE48084-5535-449C-A210-0FB2C67BBE32}.Debug|Any CPU.Build.0 = Debug|Any CPU
		{0FE48084-5535-449C-A210-0FB2C67BBE32}.Release|Any CPU.ActiveCfg = Release|Any CPU
		{0FE48084-5535-449C-A210-0FB2C67BBE32}.Release|Any CPU.Build.0 = Release|Any CPU
	EndGlobalSection
	GlobalSection(SolutionProperties) = preSolution
		HideSolutionNode = FALSE
	EndGlobalSection
	GlobalSection(ExtensibilityGlobals) = postSolution
		SolutionGuid = {3CB9E5C7-CCC7-4F3C-BC43-8028EE79B7B7}
	EndGlobalSection
EndGlobal
